
Microsoft Visual Studio Solution File, Format Version 12.00
# Visual Studio Version 16
VisualStudioVersion = 16.0.30717.126
MinimumVisualStudioVersion = 10.0.40219.1
Project("{FAE04EC0-301F-11D3-BF4B-00C04F79EFBC}") = "Lisbaldy.Ojeda.2D", "Lisbaldy.Ojeda.2D\Lisbaldy.Ojeda.2D.csproj", "{EACE616E-E982-4C10-B266-B43EF4673E2A}"
EndProject
Project("{FAE04EC0-301F-11D3-BF4B-00C04F79EFBC}") = "Tests", "Tests\Tests.csproj", "{0A9735C3-B001-42A1-9F54-9FD01CC9C002}"
EndProject
Project("{FAE04EC0-301F-11D3-BF4B-00C04F79EFBC}") = "Entities", "Entities\Entities.csproj", "{639345EB-F580-4E8D-BC21-FBBE5E54E396}"
EndProject
Global
	GlobalSection(SolutionConfigurationPlatforms) = preSolution
		Debug|Any CPU = Debug|Any CPU
		Release|Any CPU = Release|Any CPU
	EndGlobalSection
	GlobalSection(ProjectConfigurationPlatforms) = postSolution
		{EACE616E-E982-4C10-B266-B43EF4673E2A}.Debug|Any CPU.ActiveCfg = Debug|Any CPU
		{EACE616E-E982-4C10-B266-B43EF4673E2A}.Debug|Any CPU.Build.0 = Debug|Any CPU
		{EACE616E-E982-4C10-B266-B43EF4673E2A}.Release|Any CPU.ActiveCfg = Release|Any CPU
		{EACE616E-E982-4C10-B266-B43EF4673E2A}.Release|Any CPU.Build.0 = Release|Any CPU
		{0A9735C3-B001-42A1-9F54-9FD01CC9C002}.Debug|Any CPU.ActiveCfg = Debug|Any CPU
		{0A9735C3-B001-42A1-9F54-9FD01CC9C002}.Debug|Any CPU.Build.0 = Debug|Any CPU
		{0A9735C3-B001-42A1-9F54-9FD01CC9C002}.Release|Any CPU.ActiveCfg = Release|Any CPU
		{0A9735C3-B001-42A1-9F54-9FD01CC9C002}.Release|Any CPU.Build.0 = Release|Any CPU
		{639345EB-F580-4E8D-BC21-FBBE5E54E396}.Debug|Any CPU.ActiveCfg = Debug|Any CPU
		{639345EB-F580-4E8D-BC21-FBBE5E54E396}.Debug|Any CPU.Build.0 = Debug|Any CPU
		{639345EB-F580-4E8D-BC21-FBBE5E54E396}.Release|Any CPU.ActiveCfg = Release|Any CPU
		{639345EB-F580-4E8D-BC21-FBBE5E54E396}.Release|Any CPU.Build.0 = Release|Any CPU
	EndGlobalSection
	GlobalSection(SolutionProperties) = preSolution
		HideSolutionNode = FALSE
	EndGlobalSection
	GlobalSection(ExtensibilityGlobals) = postSolution
		SolutionGuid = {55287194-E91D-44FE-86A1-64C95A0AC6CC}
	EndGlobalSection
EndGlobal
